{
  "name": "liaomei",
  "version": "2.1.0",
  "lockfileVersion": 1,
  "requires": true,
  "dependencies": {
    "annois": {
      "version": "0.2.0",
      "resolved": "https://registry.npmjs.org/annois/-/annois-0.2.0.tgz",
      "integrity": "sha1-TXa2GixvijnRJpYX6TszqMFlMs4=",
      "dev": true
    },
    "annotate": {
      "version": "0.6.7",
      "resolved": "https://registry.npmjs.org/annotate/-/annotate-0.6.7.tgz",
      "integrity": "sha1-D57t77ON7HBq1CJggfn0dyhgtXU=",
      "dev": true,
      "requires": {
        "is-js": "== 0.1.1"
      }
    },
    "commander": {
      "version": "5.1.0",
      "resolved": "https://registry.npmjs.org/commander/-/commander-5.1.0.tgz",
      "integrity": "sha512-P0CysNDQ7rtVw4QIQtm+MRxV66vKFSvlsQvGYXZWR3qFU0jlMKHZZZgw8e+8DSah4UDKMqnknRDQz+xuQXQ/Zg==",
      "dev": true
    },
    "funkit": {
      "version": "0.3.2",
      "resolved": "https://registry.npmjs.org/funkit/-/funkit-0.3.2.tgz",
      "integrity": "sha1-wlyzywP6DBXqLlQ0PCxAsxRgenw=",
      "dev": true,
      "requires": {
        "generators.js": ">= 0.1.9",
        "suite.js": ">= 0.1.1"
      }
    },
    "generators.js": {
      "version": "0.5.0",
      "resolved": "https://registry.npmjs.org/generators.js/-/generators.js-0.5.0.tgz",
      "integrity": "sha1-q8USR/F0654dqVAsH3hmquau74Q=",
      "dev": true,
      "requires": {
        "annois": "0.2.0",
        "annotate": "0.6.7",
        "funkit": "0.7.7",
        "require-dir": "0.1.0"
      },
      "dependencies": {
        "funkit": {
          "version": "0.7.7",
          "resolved": "https://registry.npmjs.org/funkit/-/funkit-0.7.7.tgz",
          "integrity": "sha1-IvSi5398OqOURtdAXKjBqGN8tzM=",
          "dev": true,
          "requires": {
            "annotate": "== 0.6.2",
            "is-js": "== 0.1.1"
          },
          "dependencies": {
            "annotate": {
              "version": "0.6.2",
              "resolved": "https://registry.npmjs.org/annotate/-/annotate-0.6.2.tgz",
              "integrity": "sha1-EWZfb+Kp7CpJ8KKpuqjvyNXAosw=",
              "dev": true,
              "requires": {
                "is-js": "== 0.1.1"
              }
            }
          }
        }
      }
    },
    "ioscript.js": {
      "version": "0.2.0",
      "resolved": "https://registry.npmjs.org/ioscript.js/-/ioscript.js-0.2.0.tgz",
      "integrity": "sha1-5j3ad7aSV2cDTB2Wf3JyASYrkWU=",
      "dev": true,
      "requires": {
        "commander": ">= 0.5.2",
        "funkit": "== 0.3.2"
      }
    },
    "is-js": {
      "version": "0.1.1",
      "resolved": "https://registry.npmjs.org/is-js/-/is-js-0.1.1.tgz",
      "integrity": "sha1-3+SY5IfNcVv2zjzNq/PAHuw33Cw=",
      "dev": true
    },
    "mojs": {
      "version": "0.2.0",
      "resolved": "https://registry.npmjs.org/mojs/-/mojs-0.2.0.tgz",
      "integrity": "sha1-epXQgE5kMXOPYde0XNmb6PyyJWs=",
      "dev": true,
      "requires": {
        "ioscript.js": "== 0.2.0",
        "suite.js": ">= 0.1.1"
      }
    },
    "require-dir": {
      "version": "0.1.0",
      "resolved": "https://registry.npmjs.org/require-dir/-/require-dir-0.1.0.tgz",
      "integrity": "sha1-geAeKZ+vW3TDS2WU+OWt1Zhd3sU=",
      "dev": true
    },
    "suite.js": {
      "version": "0.6.1",
      "resolved": "https://registry.npmjs.org/suite.js/-/suite.js-0.6.1.tgz",
      "integrity": "sha1-jcWCJZJNvgPirdMXV3z7eO+CtGQ=",
      "dev": true,
      "requires": {
        "funkit": "== 0.7.7",
        "is-js": "== 0.1.1"
      },
      "dependencies": {
        "annotate": {
          "version": "0.6.2",
          "resolved": "https://registry.npmjs.org/annotate/-/annotate-0.6.2.tgz",
          "integrity": "sha1-EWZfb+Kp7CpJ8KKpuqjvyNXAosw=",
          "dev": true,
          "requires": {
            "is-js": "== 0.1.1"
          }
        },
        "funkit": {
          "version": "0.7.7",
          "resolved": "https://registry.npmjs.org/funkit/-/funkit-0.7.7.tgz",
          "integrity": "sha1-IvSi5398OqOURtdAXKjBqGN8tzM=",
          "dev": true,
          "requires": {
            "annotate": "== 0.6.2",
            "is-js": "== 0.1.1"
          }
        }
      }
    }
  }
}
