{
  "requires": true,
  "lockfileVersion": 1,
  "dependencies": {
    "liaomei": {
      "version": "1.0.1",
      "resolved": "https://registry.npmjs.org/liaomei/-/liaomei-1.0.1.tgz",
      "integrity": "sha512-wrel67Qi58EaZueoI/rUGIvDwVa6npP+BVRZfbsM9xODUvf/hNeOwM5vHuAKYI7Im9/uiXg4EUQ2+/a9DIt/7Q=="
    }
  }
}
